
Microsoft Visual Studio Solution File, Format Version 12.00
# Visual Studio 15
VisualStudioVersion = 15.0.28307.271
MinimumVisualStudioVersion = 10.0.40219.1
Project("{FAE04EC0-301F-11D3-BF4B-00C04F79EFBC}") = "c2test", "c2test\c2test.csproj", "{4C22D973-CF62-4005-B720-A25710EFD986}"
EndProject
Global
	GlobalSection(SolutionConfigurationPlatforms) = preSolution
		Debug|Any CPU = Debug|Any CPU
		Release|Any CPU = Release|Any CPU
	EndGlobalSection
	GlobalSection(ProjectConfigurationPlatforms) = postSolution
		{4C22D973-CF62-4005-B720-A25710EFD986}.Debug|Any CPU.ActiveCfg = Debug|Any CPU
		{4C22D973-CF62-4005-B720-A25710EFD986}.Debug|Any CPU.Build.0 = Debug|Any CPU
		{4C22D973-CF62-4005-B720-A25710EFD986}.Release|Any CPU.ActiveCfg = Release|Any CPU
		{4C22D973-CF62-4005-B720-A25710EFD986}.Release|Any CPU.Build.0 = Release|Any CPU
	EndGlobalSection
	GlobalSection(SolutionProperties) = preSolution
		HideSolutionNode = FALSE
	EndGlobalSection
	GlobalSection(ExtensibilityGlobals) = postSolution
		SolutionGuid = {05958480-2328-49AE-9471-F12AFD3D892A}
	EndGlobalSection
EndGlobal
